
Microsoft Visual Studio Solution File, Format Version 12.00
# Visual Studio Version 17
VisualStudioVersion = 17.7.34003.232
MinimumVisualStudioVersion = 10.0.40219.1
Project("{9A19103F-16F7-4668-BE54-9A1E7A4F7556}") = "OpenTKSplat", "OpenTKSplat\OpenTKSplat.csproj", "{25EA2D75-23B5-491D-BBB0-26C562E09435}"
EndProject
Global
	GlobalSection(SolutionConfigurationPlatforms) = preSolution
		Debug|Any CPU = Debug|Any CPU
		Debug|x64 = Debug|x64
		Release|Any CPU = Release|Any CPU
		Release|x64 = Release|x64
	EndGlobalSection
	GlobalSection(ProjectConfigurationPlatforms) = postSolution
		{25EA2D75-23B5-491D-BBB0-26C562E09435}.Debug|Any CPU.ActiveCfg = Debug|x64
		{25EA2D75-23B5-491D-BBB0-26C562E09435}.Debug|x64.ActiveCfg = Debug|x64
		{25EA2D75-23B5-491D-BBB0-26C562E09435}.Debug|x64.Build.0 = Debug|x64
		{25EA2D75-23B5-491D-BBB0-26C562E09435}.Release|Any CPU.ActiveCfg = Release|x64
		{25EA2D75-23B5-491D-BBB0-26C562E09435}.Release|x64.ActiveCfg = Debug|x64
		{25EA2D75-23B5-491D-BBB0-26C562E09435}.Release|x64.Build.0 = Debug|x64
	EndGlobalSection
	GlobalSection(SolutionProperties) = preSolution
		HideSolutionNode = FALSE
	EndGlobalSection
	GlobalSection(ExtensibilityGlobals) = postSolution
		SolutionGuid = {6B9E53CF-A702-466F-A730-C180929317BA}
	EndGlobalSection
EndGlobal
